// !$*UTF8*$!
{
	archiveVersion = 1;
	classes = {
	};
	objectVersion = 46;
	objects = {

/* Begin PBXBuildFile section */
		074646C01B18EE2E00DDC4B1 /* main.m in Sources */ = {isa = PBXBuildFile; fileRef = 074646BF1B18EE2E00DDC4B1 /* main.m */; };
		074646C31B18EE2E00DDC4B1 /* AppDelegate.m in Sources */ = {isa = PBXBuildFile; fileRef = 074646C21B18EE2E00DDC4B1 /* AppDelegate.m */; };
		074646C91B18EE2E00DDC4B1 /* Main.storyboard in Resources */ = {isa = PBXBuildFile; fileRef = 074646C71B18EE2E00DDC4B1 /* Main.storyboard */; };
		074646CB1B18EE2E00DDC4B1 /* Images.xcassets in Resources */ = {isa = PBXBuildFile; fileRef = 074646CA1B18EE2E00DDC4B1 /* Images.xcassets */; };
		074646DA1B18EE2E00DDC4B1 /* emailTests.m in Sources */ = {isa = PBXBuildFile; fileRef = 074646D91B18EE2E00DDC4B1 /* emailTests.m */; };
		074646F31B1A132600DDC4B1 /* Contact.m in Sources */ = {isa = PBXBuildFile; fileRef = 074646F21B1A132600DDC4B1 /* Contact.m */; };
		074646F61B1A3B8C00DDC4B1 /* ContactListDataController.m in Sources */ = {isa = PBXBuildFile; fileRef = 074646F51B1A3B8C00DDC4B1 /* ContactListDataController.m */; };
		074646F91B1A580000DDC4B1 /* ContactListTableViewController.m in Sources */ = {isa = PBXBuildFile; fileRef = 074646F81B1A580000DDC4B1 /* ContactListTableViewController.m */; };
		074646FE1B1A8EDB00DDC4B1 /* ContactDetailTableViewController.m in Sources */ = {isa = PBXBuildFile; fileRef = 074646FD1B1A8EDB00DDC4B1 /* ContactDetailTableViewController.m */; };
		074647011B1A9ABF00DDC4B1 /* AddNewTableViewController.m in Sources */ = {isa = PBXBuildFile; fileRef = 074647001B1A9ABF00DDC4B1 /* AddNewTableViewController.m */; };
		0793F4721B40C97500F3CC41 /* AppIcon_3.png in Resources */ = {isa = PBXBuildFile; fileRef = 0793F46F1B40C97500F3CC41 /* AppIcon_3.png */; };
		0793F4731B40C97500F3CC41 /* AppIcon.png in Resources */ = {isa = PBXBuildFile; fileRef = 0793F4701B40C97500F3CC41 /* AppIcon.png */; };
		0793F4741B40C97500F3CC41 /* AppIcon_2.png in Resources */ = {isa = PBXBuildFile; fileRef = 0793F4711B40C97500F3CC41 /* AppIcon_2.png */; };
		0793F4761B40C9F000F3CC41 /* AppIcon76.png in Resources */ = {isa = PBXBuildFile; fileRef = 0793F4751B40C9F000F3CC41 /* AppIcon76.png */; };
		0793F4781B40D7AD00F3CC41 /* Contacts.plist in Resources */ = {isa = PBXBuildFile; fileRef = 0793F4771B40D7AD00F3CC41 /* Contacts.plist */; };
		07FD81901B1E864D0087E52F /* MessageUI.framework in Frameworks */ = {isa = PBXBuildFile; fileRef = 07FD818F1B1E864D0087E52F /* MessageUI.framework */; };
		222DB5EAB04A5609E3AF643D /* Pods_email.framework in Frameworks */ = {isa = PBXBuildFile; fileRef = 726F58D63A5ADBEF8F11C712 /* Pods_email.framework */; settings = {ATTRIBUTES = (Weak, ); }; };
/* End PBXBuildFile section */

/* Begin PBXContainerItemProxy section */
		074646D41B18EE2E00DDC4B1 /* PBXContainerItemProxy */ = {
			isa = PBXContainerItemProxy;
			containerPortal = 074646B21B18EE2D00DDC4B1 /* Project object */;
			proxyType = 1;
			remoteGlobalIDString = 074646B91B18EE2D00DDC4B1;
			remoteInfo = email;
		};
/* End PBXContainerItemProxy section */

/* Begin PBXFileReference section */
		074646BA1B18EE2E00DDC4B1 /* email.app */ = {isa = PBXFileReference; explicitFileType = wrapper.application; includeInIndex = 0; path = email.app; sourceTree = BUILT_PRODUCTS_DIR; };
		074646BE1B18EE2E00DDC4B1 /* Info.plist */ = {isa = PBXFileReference; lastKnownFileType = text.plist.xml; path = Info.plist; sourceTree = "<group>"; };
		074646BF1B18EE2E00DDC4B1 /* main.m */ = {isa = PBXFileReference; lastKnownFileType = sourcecode.c.objc; path = main.m; sourceTree = "<group>"; };
		074646C11B18EE2E00DDC4B1 /* AppDelegate.h */ = {isa = PBXFileReference; lastKnownFileType = sourcecode.c.h; path = AppDelegate.h; sourceTree = "<group>"; };
		074646C21B18EE2E00DDC4B1 /* AppDelegate.m */ = {isa = PBXFileReference; lastKnownFileType = sourcecode.c.objc; path = AppDelegate.m; sourceTree = "<group>"; };
		074646C81B18EE2E00DDC4B1 /* Base */ = {isa = PBXFileReference; lastKnownFileType = file.storyboard; name = Base; path = Base.lproj/Main.storyboard; sourceTree = "<group>"; };
		074646CA1B18EE2E00DDC4B1 /* Images.xcassets */ = {isa = PBXFileReference; lastKnownFileType = folder.assetcatalog; path = Images.xcassets; sourceTree = "<group>"; };
		074646D31B18EE2E00DDC4B1 /* emailTests.xctest */ = {isa = PBXFileReference; explicitFileType = wrapper.cfbundle; includeInIndex = 0; path = emailTests.xctest; sourceTree = BUILT_PRODUCTS_DIR; };
		074646D81B18EE2E00DDC4B1 /* Info.plist */ = {isa = PBXFileReference; lastKnownFileType = text.plist.xml; path = Info.plist; sourceTree = "<group>"; };
		074646D91B18EE2E00DDC4B1 /* emailTests.m */ = {isa = PBXFileReference; lastKnownFileType = sourcecode.c.objc; path = emailTests.m; sourceTree = "<group>"; };
		074646F11B1A132600DDC4B1 /* Contact.h */ = {isa = PBXFileReference; fileEncoding = 4; lastKnownFileType = sourcecode.c.h; name = Contact.h; path = email/Contact.h; sourceTree = "<group>"; };
		074646F21B1A132600DDC4B1 /* Contact.m */ = {isa = PBXFileReference; fileEncoding = 4; lastKnownFileType = sourcecode.c.objc; name = Contact.m; path = email/Contact.m; sourceTree = "<group>"; };
		074646F41B1A3B8C00DDC4B1 /* ContactListDataController.h */ = {isa = PBXFileReference; fileEncoding = 4; lastKnownFileType = sourcecode.c.h; path = ContactListDataController.h; sourceTree = "<group>"; };
		074646F51B1A3B8C00DDC4B1 /* ContactListDataController.m */ = {isa = PBXFileReference; fileEncoding = 4; lastKnownFileType = sourcecode.c.objc; path = ContactListDataController.m; sourceTree = "<group>"; };
		074646F71B1A580000DDC4B1 /* ContactListTableViewController.h */ = {isa = PBXFileReference; fileEncoding = 4; lastKnownFileType = sourcecode.c.h; name = ContactListTableViewController.h; path = email/ContactListTableViewController.h; sourceTree = "<group>"; };
		074646F81B1A580000DDC4B1 /* ContactListTableViewController.m */ = {isa = PBXFileReference; fileEncoding = 4; lastKnownFileType = sourcecode.c.objc; name = ContactListTableViewController.m; path = email/ContactListTableViewController.m; sourceTree = "<group>"; };
		074646FC1B1A8EDB00DDC4B1 /* ContactDetailTableViewController.h */ = {isa = PBXFileReference; fileEncoding = 4; lastKnownFileType = sourcecode.c.h; path = ContactDetailTableViewController.h; sourceTree = "<group>"; };
		074646FD1B1A8EDB00DDC4B1 /* ContactDetailTableViewController.m */ = {isa = PBXFileReference; fileEncoding = 4; lastKnownFileType = sourcecode.c.objc; path = ContactDetailTableViewController.m; sourceTree = "<group>"; };
		074646FF1B1A9ABF00DDC4B1 /* AddNewTableViewController.h */ = {isa = PBXFileReference; fileEncoding = 4; lastKnownFileType = sourcecode.c.h; path = AddNewTableViewController.h; sourceTree = "<group>"; };
		074647001B1A9ABF00DDC4B1 /* AddNewTableViewController.m */ = {isa = PBXFileReference; fileEncoding = 4; lastKnownFileType = sourcecode.c.objc; path = AddNewTableViewController.m; sourceTree = "<group>"; };
		0793F46F1B40C97500F3CC41 /* AppIcon_3.png */ = {isa = PBXFileReference; lastKnownFileType = image.png; path = AppIcon_3.png; sourceTree = "<group>"; };
		0793F4701B40C97500F3CC41 /* AppIcon.png */ = {isa = PBXFileReference; lastKnownFileType = image.png; path = AppIcon.png; sourceTree = "<group>"; };
		0793F4711B40C97500F3CC41 /* AppIcon_2.png */ = {isa = PBXFileReference; lastKnownFileType = image.png; path = AppIcon_2.png; sourceTree = "<group>"; };
		0793F4751B40C9F000F3CC41 /* AppIcon76.png */ = {isa = PBXFileReference; lastKnownFileType = image.png; path = AppIcon76.png; sourceTree = "<group>"; };
		0793F4771B40D7AD00F3CC41 /* Contacts.plist */ = {isa = PBXFileReference; fileEncoding = 4; lastKnownFileType = text.plist.xml; path = Contacts.plist; sourceTree = "<group>"; };
		07FD818F1B1E864D0087E52F /* MessageUI.framework */ = {isa = PBXFileReference; lastKnownFileType = wrapper.framework; name = MessageUI.framework; path = System/Library/Frameworks/MessageUI.framework; sourceTree = SDKROOT; };
		1301E3712A410064BF7491A9 /* Pods-email.debug.xcconfig */ = {isa = PBXFileReference; includeInIndex = 1; lastKnownFileType = text.xcconfig; name = "Pods-email.debug.xcconfig"; path = "Pods/Target Support Files/Pods-email/Pods-email.debug.xcconfig"; sourceTree = "<group>"; };
		1D299C86F8DF556C9C480BBC /* Pods-email.release.xcconfig */ = {isa = PBXFileReference; includeInIndex = 1; lastKnownFileType = text.xcconfig; name = "Pods-email.release.xcconfig"; path = "Pods/Target Support Files/Pods-email/Pods-email.release.xcconfig"; sourceTree = "<group>"; };
		726F58D63A5ADBEF8F11C712 /* Pods_email.framework */ = {isa = PBXFileReference; explicitFileType = wrapper.framework; includeInIndex = 0; path = Pods_email.framework; sourceTree = BUILT_PRODUCTS_DIR; };
/* End PBXFileReference section */

/* Begin PBXFrameworksBuildPhase section */
		074646B71B18EE2D00DDC4B1 /* Frameworks */ = {
			isa = PBXFrameworksBuildPhase;
			buildActionMask = 2147483647;
			files = (
				07FD81901B1E864D0087E52F /* MessageUI.framework in Frameworks */,
				222DB5EAB04A5609E3AF643D /* Pods_email.framework in Frameworks */,
			);
			runOnlyForDeploymentPostprocessing = 0;
		};
		074646D01B18EE2E00DDC4B1 /* Frameworks */ = {
			isa = PBXFrameworksBuildPhase;
			buildActionMask = 2147483647;
			files = (
			);
			runOnlyForDeploymentPostprocessing = 0;
		};
/* End PBXFrameworksBuildPhase section */

/* Begin PBXGroup section */
		074646B11B18EE2D00DDC4B1 = {
			isa = PBXGroup;
			children = (
				07FD818F1B1E864D0087E52F /* MessageUI.framework */,
				074646F71B1A580000DDC4B1 /* ContactListTableViewController.h */,
				074646F81B1A580000DDC4B1 /* ContactListTableViewController.m */,
				074646F41B1A3B8C00DDC4B1 /* ContactListDataController.h */,
				074646F51B1A3B8C00DDC4B1 /* ContactListDataController.m */,
				074646F11B1A132600DDC4B1 /* Contact.h */,
				074646F21B1A132600DDC4B1 /* Contact.m */,
				074646FC1B1A8EDB00DDC4B1 /* ContactDetailTableViewController.h */,
				074646FD1B1A8EDB00DDC4B1 /* ContactDetailTableViewController.m */,
				074646FF1B1A9ABF00DDC4B1 /* AddNewTableViewController.h */,
				074647001B1A9ABF00DDC4B1 /* AddNewTableViewController.m */,
				0793F4771B40D7AD00F3CC41 /* Contacts.plist */,
				074646BC1B18EE2E00DDC4B1 /* email */,
				074646D61B18EE2E00DDC4B1 /* emailTests */,
				074646BB1B18EE2E00DDC4B1 /* Products */,
				AD07846779200BB84C7761CF /* Pods */,
				149879725448E8FF9A3F940C /* Frameworks */,
			);
			sourceTree = "<group>";
		};
		074646BB1B18EE2E00DDC4B1 /* Products */ = {
			isa = PBXGroup;
			children = (
				074646BA1B18EE2E00DDC4B1 /* email.app */,
				074646D31B18EE2E00DDC4B1 /* emailTests.xctest */,
			);
			name = Products;
			sourceTree = "<group>";
		};
		074646BC1B18EE2E00DDC4B1 /* email */ = {
			isa = PBXGroup;
			children = (
				074646C11B18EE2E00DDC4B1 /* AppDelegate.h */,
				074646C21B18EE2E00DDC4B1 /* AppDelegate.m */,
				074646C71B18EE2E00DDC4B1 /* Main.storyboard */,
				074646CA1B18EE2E00DDC4B1 /* Images.xcassets */,
				074646BD1B18EE2E00DDC4B1 /* Supporting Files */,
			);
			path = email;
			sourceTree = "<group>";
		};
		074646BD1B18EE2E00DDC4B1 /* Supporting Files */ = {
			isa = PBXGroup;
			children = (
				0793F4751B40C9F000F3CC41 /* AppIcon76.png */,
				0793F46F1B40C97500F3CC41 /* AppIcon_3.png */,
				0793F4701B40C97500F3CC41 /* AppIcon.png */,
				0793F4711B40C97500F3CC41 /* AppIcon_2.png */,
				074646BE1B18EE2E00DDC4B1 /* Info.plist */,
				074646BF1B18EE2E00DDC4B1 /* main.m */,
			);
			name = "Supporting Files";
			sourceTree = "<group>";
		};
		074646D61B18EE2E00DDC4B1 /* emailTests */ = {
			isa = PBXGroup;
			children = (
				074646D91B18EE2E00DDC4B1 /* emailTests.m */,
				074646D71B18EE2E00DDC4B1 /* Supporting Files */,
			);
			path = emailTests;
			sourceTree = "<group>";
		};
		074646D71B18EE2E00DDC4B1 /* Supporting Files */ = {
			isa = PBXGroup;
			children = (
				074646D81B18EE2E00DDC4B1 /* Info.plist */,
			);
			name = "Supporting Files";
			sourceTree = "<group>";
		};
		149879725448E8FF9A3F940C /* Frameworks */ = {
			isa = PBXGroup;
			children = (
				726F58D63A5ADBEF8F11C712 /* Pods_email.framework */,
			);
			name = Frameworks;
			sourceTree = "<group>";
		};
		AD07846779200BB84C7761CF /* Pods */ = {
			isa = PBXGroup;
			children = (
				1301E3712A410064BF7491A9 /* Pods-email.debug.xcconfig */,
				1D299C86F8DF556C9C480BBC /* Pods-email.release.xcconfig */,
			);
			name = Pods;
			sourceTree = "<group>";
		};
/* End PBXGroup section */

/* Begin PBXNativeTarget section */
		074646B91B18EE2D00DDC4B1 /* email */ = {
			isa = PBXNativeTarget;
			buildConfigurationList = 074646DD1B18EE2E00DDC4B1 /* Build configuration list for PBXNativeTarget "email" */;
			buildPhases = (
				5C06A9FBC3270E67C6A90A0E /* Check Pods Manifest.lock */,
				074646B61B18EE2D00DDC4B1 /* Sources */,
				074646B71B18EE2D00DDC4B1 /* Frameworks */,
				074646B81B18EE2D00DDC4B1 /* Resources */,
				BE37A0F6197DCD34141CD290 /* Embed Pods Frameworks */,
				9944D669475631620B939D03 /* Copy Pods Resources */,
			);
			buildRules = (
			);
			dependencies = (
			);
			name = email;
			productName = email;
			productReference = 074646BA1B18EE2E00DDC4B1 /* email.app */;
			productType = "com.apple.product-type.application";
		};
		074646D21B18EE2E00DDC4B1 /* emailTests */ = {
			isa = PBXNativeTarget;
			buildConfigurationList = 074646E01B18EE2E00DDC4B1 /* Build configuration list for PBXNativeTarget "emailTests" */;
			buildPhases = (
				074646CF1B18EE2E00DDC4B1 /* Sources */,
				074646D01B18EE2E00DDC4B1 /* Frameworks */,
				074646D11B18EE2E00DDC4B1 /* Resources */,
			);
			buildRules = (
			);
			dependencies = (
				074646D51B18EE2E00DDC4B1 /* PBXTargetDependency */,
			);
			name = emailTests;
			productName = emailTests;
			productReference = 074646D31B18EE2E00DDC4B1 /* emailTests.xctest */;
			productType = "com.apple.product-type.bundle.unit-test";
		};
/* End PBXNativeTarget section */

/* Begin PBXProject section */
		074646B21B18EE2D00DDC4B1 /* Project object */ = {
			isa = PBXProject;
			attributes = {
				LastUpgradeCheck = 0610;
				ORGANIZATIONNAME = "Matthew Perez";
				TargetAttributes = {
					074646B91B18EE2D00DDC4B1 = {
						CreatedOnToolsVersion = 6.1;
					};
					074646D21B18EE2E00DDC4B1 = {
						CreatedOnToolsVersion = 6.1;
						TestTargetID = 074646B91B18EE2D00DDC4B1;
					};
				};
			};
			buildConfigurationList = 074646B51B18EE2D00DDC4B1 /* Build configuration list for PBXProject "email" */;
			compatibilityVersion = "Xcode 3.2";
			developmentRegion = English;
			hasScannedForEncodings = 0;
			knownRegions = (
				en,
				Base,
			);
			mainGroup = 074646B11B18EE2D00DDC4B1;
			productRefGroup = 074646BB1B18EE2E00DDC4B1 /* Products */;
			projectDirPath = "";
			projectRoot = "";
			targets = (
				074646B91B18EE2D00DDC4B1 /* email */,
				074646D21B18EE2E00DDC4B1 /* emailTests */,
			);
		};
/* End PBXProject section */

/* Begin PBXResourcesBuildPhase section */
		074646B81B18EE2D00DDC4B1 /* Resources */ = {
			isa = PBXResourcesBuildPhase;
			buildActionMask = 2147483647;
			files = (
				074646C91B18EE2E00DDC4B1 /* Main.storyboard in Resources */,
				0793F4731B40C97500F3CC41 /* AppIcon.png in Resources */,
				074646CB1B18EE2E00DDC4B1 /* Images.xcassets in Resources */,
				0793F4741B40C97500F3CC41 /* AppIcon_2.png in Resources */,
				0793F4721B40C97500F3CC41 /* AppIcon_3.png in Resources */,
				0793F4761B40C9F000F3CC41 /* AppIcon76.png in Resources */,
				0793F4781B40D7AD00F3CC41 /* Contacts.plist in Resources */,
			);
			runOnlyForDeploymentPostprocessing = 0;
		};
		074646D11B18EE2E00DDC4B1 /* Resources */ = {
			isa = PBXResourcesBuildPhase;
			buildActionMask = 2147483647;
			files = (
			);
			runOnlyForDeploymentPostprocessing = 0;
		};
/* End PBXResourcesBuildPhase section */

/* Begin PBXShellScriptBuildPhase section */
		5C06A9FBC3270E67C6A90A0E /* Check Pods Manifest.lock */ = {
			isa = PBXShellScriptBuildPhase;
			buildActionMask = 2147483647;
			files = (
			);
			inputPaths = (
			);
			name = "Check Pods Manifest.lock";
			outputPaths = (
			);
			runOnlyForDeploymentPostprocessing = 0;
			shellPath = /bin/sh;
			shellScript = "diff \"${PODS_ROOT}/../Podfile.lock\" \"${PODS_ROOT}/Manifest.lock\" > /dev/null\nif [[ $? != 0 ]] ; then\n    cat << EOM\nerror: The sandbox is not in sync with the Podfile.lock. Run 'pod install' or update your CocoaPods installation.\nEOM\n    exit 1\nfi\n";
			showEnvVarsInLog = 0;
		};
		9944D669475631620B939D03 /* Copy Pods Resources */ = {
			isa = PBXShellScriptBuildPhase;
			buildActionMask = 2147483647;
			files = (
			);
			inputPaths = (
			);
			name = "Copy Pods Resources";
			outputPaths = (
			);
			runOnlyForDeploymentPostprocessing = 0;
			shellPath = /bin/sh;
			shellScript = "\"${SRCROOT}/Pods/Target Support Files/Pods-email/Pods-email-resources.sh\"\n";
			showEnvVarsInLog = 0;
		};
		BE37A0F6197DCD34141CD290 /* Embed Pods Frameworks */ = {
			isa = PBXShellScriptBuildPhase;
			buildActionMask = 2147483647;
			files = (
			);
			inputPaths = (
			);
			name = "Embed Pods Frameworks";
			outputPaths = (
			);
			runOnlyForDeploymentPostprocessing = 0;
			shellPath = /bin/sh;
			shellScript = "\"${SRCROOT}/Pods/Target Support Files/Pods-email/Pods-email-frameworks.sh\"\n";
			showEnvVarsInLog = 0;
		};
/* End PBXShellScriptBuildPhase section */

/* Begin PBXSourcesBuildPhase section */
		074646B61B18EE2D00DDC4B1 /* Sources */ = {
			isa = PBXSourcesBuildPhase;
			buildActionMask = 2147483647;
			files = (
				074646F91B1A580000DDC4B1 /* ContactListTableViewController.m in Sources */,
				074646FE1B1A8EDB00DDC4B1 /* ContactDetailTableViewController.m in Sources */,
				074646F61B1A3B8C00DDC4B1 /* ContactListDataController.m in Sources */,
				074647011B1A9ABF00DDC4B1 /* AddNewTableViewController.m in Sources */,
				074646C31B18EE2E00DDC4B1 /* AppDelegate.m in Sources */,
				074646F31B1A132600DDC4B1 /* Contact.m in Sources */,
				074646C01B18EE2E00DDC4B1 /* main.m in Sources */,
			);
			runOnlyForDeploymentPostprocessing = 0;
		};
		074646CF1B18EE2E00DDC4B1 /* Sources */ = {
			isa = PBXSourcesBuildPhase;
			buildActionMask = 2147483647;
			files = (
				074646DA1B18EE2E00DDC4B1 /* emailTests.m in Sources */,
			);
			runOnlyForDeploymentPostprocessing = 0;
		};
/* End PBXSourcesBuildPhase section */

/* Begin PBXTargetDependency section */
		074646D51B18EE2E00DDC4B1 /* PBXTargetDependency */ = {
			isa = PBXTargetDependency;
			target = 074646B91B18EE2D00DDC4B1 /* email */;
			targetProxy = 074646D41B18EE2E00DDC4B1 /* PBXContainerItemProxy */;
		};
/* End PBXTargetDependency section */

/* Begin PBXVariantGroup section */
		074646C71B18EE2E00DDC4B1 /* Main.storyboard */ = {
			isa = PBXVariantGroup;
			children = (
				074646C81B18EE2E00DDC4B1 /* Base */,
			);
			name = Main.storyboard;
			sourceTree = "<group>";
		};
/* End PBXVariantGroup section */

/* Begin XCBuildConfiguration section */
		074646DB1B18EE2E00DDC4B1 /* Debug */ = {
			isa = XCBuildConfiguration;
			buildSettings = {
				ALWAYS_SEARCH_USER_PATHS = NO;
				CLANG_CXX_LANGUAGE_STANDARD = "gnu++0x";
				CLANG_CXX_LIBRARY = "libc++";
				CLANG_ENABLE_MODULES = YES;
				CLANG_ENABLE_OBJC_ARC = YES;
				CLANG_WARN_BOOL_CONVERSION = YES;
				CLANG_WARN_CONSTANT_CONVERSION = YES;
				CLANG_WARN_DIRECT_OBJC_ISA_USAGE = YES_ERROR;
				CLANG_WARN_EMPTY_BODY = YES;
				CLANG_WARN_ENUM_CONVERSION = YES;
				CLANG_WARN_INT_CONVERSION = YES;
				CLANG_WARN_OBJC_ROOT_CLASS = YES_ERROR;
				CLANG_WARN_UNREACHABLE_CODE = YES;
				CLANG_WARN__DUPLICATE_METHOD_MATCH = YES;
				"CODE_SIGN_IDENTITY[sdk=iphoneos*]" = "iPhone Developer";
				COPY_PHASE_STRIP = NO;
				ENABLE_STRICT_OBJC_MSGSEND = YES;
				GCC_C_LANGUAGE_STANDARD = gnu99;
				GCC_DYNAMIC_NO_PIC = NO;
				GCC_OPTIMIZATION_LEVEL = 0;
				GCC_PREPROCESSOR_DEFINITIONS = (
					"DEBUG=1",
					"$(inherited)",
				);
				GCC_SYMBOLS_PRIVATE_EXTERN = NO;
				GCC_WARN_64_TO_32_BIT_CONVERSION = YES;
				GCC_WARN_ABOUT_RETURN_TYPE = YES_ERROR;
				GCC_WARN_UNDECLARED_SELECTOR = YES;
				GCC_WARN_UNINITIALIZED_AUTOS = YES_AGGRESSIVE;
				GCC_WARN_UNUSED_FUNCTION = YES;
				GCC_WARN_UNUSED_VARIABLE = YES;
				IPHONEOS_DEPLOYMENT_TARGET = 8.1;
				MTL_ENABLE_DEBUG_INFO = YES;
				ONLY_ACTIVE_ARCH = YES;
				SDKROOT = iphoneos;
				TARGETED_DEVICE_FAMILY = "1,2";
			};
			name = Debug;
		};
		074646DC1B18EE2E00DDC4B1 /* Release */ = {
			isa = XCBuildConfiguration;
			buildSettings = {
				ALWAYS_SEARCH_USER_PATHS = NO;
				CLANG_CXX_LANGUAGE_STANDARD = "gnu++0x";
				CLANG_CXX_LIBRARY = "libc++";
				CLANG_ENABLE_MODULES = YES;
				CLANG_ENABLE_OBJC_ARC = YES;
				CLANG_WARN_BOOL_CONVERSION = YES;
				CLANG_WARN_CONSTANT_CONVERSION = YES;
				CLANG_WARN_DIRECT_OBJC_ISA_USAGE = YES_ERROR;
				CLANG_WARN_EMPTY_BODY = YES;
				CLANG_WARN_ENUM_CONVERSION = YES;
				CLANG_WARN_INT_CONVERSION = YES;
				CLANG_WARN_OBJC_ROOT_CLASS = YES_ERROR;
				CLANG_WARN_UNREACHABLE_CODE = YES;
				CLANG_WARN__DUPLICATE_METHOD_MATCH = YES;
				"CODE_SIGN_IDENTITY[sdk=iphoneos*]" = "iPhone Developer";
				COPY_PHASE_STRIP = YES;
				ENABLE_NS_ASSERTIONS = NO;
				ENABLE_STRICT_OBJC_MSGSEND = YES;
				GCC_C_LANGUAGE_STANDARD = gnu99;
				GCC_WARN_64_TO_32_BIT_CONVERSION = YES;
				GCC_WARN_ABOUT_RETURN_TYPE = YES_ERROR;
				GCC_WARN_UNDECLARED_SELECTOR = YES;
				GCC_WARN_UNINITIALIZED_AUTOS = YES_AGGRESSIVE;
				GCC_WARN_UNUSED_FUNCTION = YES;
				GCC_WARN_UNUSED_VARIABLE = YES;
				IPHONEOS_DEPLOYMENT_TARGET = 8.1;
				MTL_ENABLE_DEBUG_INFO = NO;
				SDKROOT = iphoneos;
				TARGETED_DEVICE_FAMILY = "1,2";
				VALIDATE_PRODUCT = YES;
			};
			name = Release;
		};
		074646DE1B18EE2E00DDC4B1 /* Debug */ = {
			isa = XCBuildConfiguration;
			baseConfigurationReference = 1301E3712A410064BF7491A9 /* Pods-email.debug.xcconfig */;
			buildSettings = {
				ASSETCATALOG_COMPILER_APPICON_NAME = AppIcon;
				CODE_SIGN_IDENTITY = "iPhone Developer";
				FRAMEWORK_SEARCH_PATHS = (
					"$(inherited)",
					"$(PROJECT_DIR)",
				);
				INFOPLIST_FILE = email/Info.plist;
				LD_RUNPATH_SEARCH_PATHS = "$(inherited) @executable_path/Frameworks";
				PRODUCT_NAME = "$(TARGET_NAME)";
			};
			name = Debug;
		};
		074646DF1B18EE2E00DDC4B1 /* Release */ = {
			isa = XCBuildConfiguration;
			baseConfigurationReference = 1D299C86F8DF556C9C480BBC /* Pods-email.release.xcconfig */;
			buildSettings = {
				ASSETCATALOG_COMPILER_APPICON_NAME = AppIcon;
				CODE_SIGN_IDENTITY = "iPhone Developer";
				FRAMEWORK_SEARCH_PATHS = (
					"$(inherited)",
					"$(PROJECT_DIR)",
				);
				INFOPLIST_FILE = email/Info.plist;
				LD_RUNPATH_SEARCH_PATHS = "$(inherited) @executable_path/Frameworks";
				PRODUCT_NAME = "$(TARGET_NAME)";
			};
			name = Release;
		};
		074646E11B18EE2E00DDC4B1 /* Debug */ = {
			isa = XCBuildConfiguration;
			buildSettings = {
				BUNDLE_LOADER = "$(TEST_HOST)";
				FRAMEWORK_SEARCH_PATHS = (
					"$(SDKROOT)/Developer/Library/Frameworks",
					"$(inherited)",
				);
				GCC_PREPROCESSOR_DEFINITIONS = (
					"DEBUG=1",
					"$(inherited)",
				);
				INFOPLIST_FILE = emailTests/Info.plist;
				LD_RUNPATH_SEARCH_PATHS = "$(inherited) @executable_path/Frameworks @loader_path/Frameworks";
				PRODUCT_NAME = "$(TARGET_NAME)";
				TEST_HOST = "$(BUILT_PRODUCTS_DIR)/email.app/email";
			};
			name = Debug;
		};
		074646E21B18EE2E00DDC4B1 /* Release */ = {
			isa = XCBuildConfiguration;
			buildSettings = {
				BUNDLE_LOADER = "$(TEST_HOST)";
				FRAMEWORK_SEARCH_PATHS = (
					"$(SDKROOT)/Developer/Library/Frameworks",
					"$(inherited)",
				);
				INFOPLIST_FILE = emailTests/Info.plist;
				LD_RUNPATH_SEARCH_PATHS = "$(inherited) @executable_path/Frameworks @loader_path/Frameworks";
				PRODUCT_NAME = "$(TARGET_NAME)";
				TEST_HOST = "$(BUILT_PRODUCTS_DIR)/email.app/email";
			};
			name = Release;
		};
/* End XCBuildConfiguration section */

/* Begin XCConfigurationList section */
		074646B51B18EE2D00DDC4B1 /* Build configuration list for PBXProject "email" */ = {
			isa = XCConfigurationList;
			buildConfigurations = (
				074646DB1B18EE2E00DDC4B1 /* Debug */,
				074646DC1B18EE2E00DDC4B1 /* Release */,
			);
			defaultConfigurationIsVisible = 0;
			defaultConfigurationName = Release;
		};
		074646DD1B18EE2E00DDC4B1 /* Build configuration list for PBXNativeTarget "email" */ = {
			isa = XCConfigurationList;
			buildConfigurations = (
				074646DE1B18EE2E00DDC4B1 /* Debug */,
				074646DF1B18EE2E00DDC4B1 /* Release */,
			);
			defaultConfigurationIsVisible = 0;
			defaultConfigurationName = Release;
		};
		074646E01B18EE2E00DDC4B1 /* Build configuration list for PBXNativeTarget "emailTests" */ = {
			isa = XCConfigurationList;
			buildConfigurations = (
				074646E11B18EE2E00DDC4B1 /* Debug */,
				074646E21B18EE2E00DDC4B1 /* Release */,
			);
			defaultConfigurationIsVisible = 0;
			defaultConfigurationName = Release;
		};
/* End XCConfigurationList section */
	};
	rootObject = 074646B21B18EE2D00DDC4B1 /* Project object */;
}
